// !$*UTF8*$!
{
	archiveVersion = 1;
	classes = {
	};
	objectVersion = 50;
	objects = {

/* Begin PBXBuildFile section */
		67BA7A2B237EEE0C00B4251A /* AppDelegate.swift in Sources */ = {isa = PBXBuildFile; fileRef = 67BA7A2A237EEE0C00B4251A /* AppDelegate.swift */; };
		67BA7A2D237EEE0C00B4251A /* SceneDelegate.swift in Sources */ = {isa = PBXBuildFile; fileRef = 67BA7A2C237EEE0C00B4251A /* SceneDelegate.swift */; };
		67BA7A2F237EEE0C00B4251A /* ViewController.swift in Sources */ = {isa = PBXBuildFile; fileRef = 67BA7A2E237EEE0C00B4251A /* ViewController.swift */; };
		67BA7A32237EEE0C00B4251A /* Main.storyboard in Resources */ = {isa = PBXBuildFile; fileRef = 67BA7A30237EEE0C00B4251A /* Main.storyboard */; };
		67BA7A34237EEE0D00B4251A /* Assets.xcassets in Resources */ = {isa = PBXBuildFile; fileRef = 67BA7A33237EEE0D00B4251A /* Assets.xcassets */; };
		67BA7A37237EEE0D00B4251A /* LaunchScreen.storyboard in Resources */ = {isa = PBXBuildFile; fileRef = 67BA7A35237EEE0D00B4251A /* LaunchScreen.storyboard */; };
		67BA7A3F237EEEA600B4251A /* Package.swift in Sources */ = {isa = PBXBuildFile; fileRef = 67BA7A3E237EEEA600B4251A /* Package.swift */; };
		67BA7A41238280EF00B4251A /* TabDetailViewController.swift in Sources */ = {isa = PBXBuildFile; fileRef = 67BA7A40238280EF00B4251A /* TabDetailViewController.swift */; };
		67BA7A43238281DD00B4251A /* TabTableViewController.swift in Sources */ = {isa = PBXBuildFile; fileRef = 67BA7A42238281DD00B4251A /* TabTableViewController.swift */; };
		67BA7A4523828E8000B4251A /* AnimationViewController.swift in Sources */ = {isa = PBXBuildFile; fileRef = 67BA7A4423828E8000B4251A /* AnimationViewController.swift */; };
		BF5217EB8A82F91C6D2BD52F /* libPods-RxSwift-Sample.a in Frameworks */ = {isa = PBXBuildFile; fileRef = A7A4B46D01DAA058023BAAD6 /* libPods-RxSwift-Sample.a */; };
/* End PBXBuildFile section */

/* Begin PBXFileReference section */
		67BA7A27237EEE0C00B4251A /* RxSwift-Sample.app */ = {isa = PBXFileReference; explicitFileType = wrapper.application; includeInIndex = 0; path = "RxSwift-Sample.app"; sourceTree = BUILT_PRODUCTS_DIR; };
		67BA7A2A237EEE0C00B4251A /* AppDelegate.swift */ = {isa = PBXFileReference; lastKnownFileType = sourcecode.swift; path = AppDelegate.swift; sourceTree = "<group>"; };
		67BA7A2C237EEE0C00B4251A /* SceneDelegate.swift */ = {isa = PBXFileReference; lastKnownFileType = sourcecode.swift; path = SceneDelegate.swift; sourceTree = "<group>"; };
		67BA7A2E237EEE0C00B4251A /* ViewController.swift */ = {isa = PBXFileReference; lastKnownFileType = sourcecode.swift; path = ViewController.swift; sourceTree = "<group>"; };
		67BA7A31237EEE0C00B4251A /* Base */ = {isa = PBXFileReference; lastKnownFileType = file.storyboard; name = Base; path = Base.lproj/Main.storyboard; sourceTree = "<group>"; };
		67BA7A33237EEE0D00B4251A /* Assets.xcassets */ = {isa = PBXFileReference; lastKnownFileType = folder.assetcatalog; path = Assets.xcassets; sourceTree = "<group>"; };
		67BA7A36237EEE0D00B4251A /* Base */ = {isa = PBXFileReference; lastKnownFileType = file.storyboard; name = Base; path = Base.lproj/LaunchScreen.storyboard; sourceTree = "<group>"; };
		67BA7A38237EEE0D00B4251A /* Info.plist */ = {isa = PBXFileReference; lastKnownFileType = text.plist.xml; path = Info.plist; sourceTree = "<group>"; };
		67BA7A3E237EEEA600B4251A /* Package.swift */ = {isa = PBXFileReference; lastKnownFileType = sourcecode.swift; path = Package.swift; sourceTree = "<group>"; };
		67BA7A40238280EF00B4251A /* TabDetailViewController.swift */ = {isa = PBXFileReference; lastKnownFileType = sourcecode.swift; path = TabDetailViewController.swift; sourceTree = "<group>"; };
		67BA7A42238281DD00B4251A /* TabTableViewController.swift */ = {isa = PBXFileReference; lastKnownFileType = sourcecode.swift; path = TabTableViewController.swift; sourceTree = "<group>"; };
		67BA7A4423828E8000B4251A /* AnimationViewController.swift */ = {isa = PBXFileReference; lastKnownFileType = sourcecode.swift; path = AnimationViewController.swift; sourceTree = "<group>"; };
		73B0E942498471281DBB8144 /* Pods-RxSwift-Sample.debug.xcconfig */ = {isa = PBXFileReference; includeInIndex = 1; lastKnownFileType = text.xcconfig; name = "Pods-RxSwift-Sample.debug.xcconfig"; path = "Target Support Files/Pods-RxSwift-Sample/Pods-RxSwift-Sample.debug.xcconfig"; sourceTree = "<group>"; };
		8C8F5A897DB9B0E537675056 /* Pods-RxSwift-Sample.release.xcconfig */ = {isa = PBXFileReference; includeInIndex = 1; lastKnownFileType = text.xcconfig; name = "Pods-RxSwift-Sample.release.xcconfig"; path = "Target Support Files/Pods-RxSwift-Sample/Pods-RxSwift-Sample.release.xcconfig"; sourceTree = "<group>"; };
		A7A4B46D01DAA058023BAAD6 /* libPods-RxSwift-Sample.a */ = {isa = PBXFileReference; explicitFileType = archive.ar; includeInIndex = 0; path = "libPods-RxSwift-Sample.a"; sourceTree = BUILT_PRODUCTS_DIR; };
/* End PBXFileReference section */

/* Begin PBXFrameworksBuildPhase section */
		67BA7A24237EEE0C00B4251A /* Frameworks */ = {
			isa = PBXFrameworksBuildPhase;
			buildActionMask = 2147483647;
			files = (
				BF5217EB8A82F91C6D2BD52F /* libPods-RxSwift-Sample.a in Frameworks */,
			);
			runOnlyForDeploymentPostprocessing = 0;
		};
/* End PBXFrameworksBuildPhase section */

/* Begin PBXGroup section */
		1317BEDD85548F1113B9E890 /* Frameworks */ = {
			isa = PBXGroup;
			children = (
				A7A4B46D01DAA058023BAAD6 /* libPods-RxSwift-Sample.a */,
			);
			name = Frameworks;
			sourceTree = "<group>";
		};
		67BA7A1E237EEE0C00B4251A = {
			isa = PBXGroup;
			children = (
				67BA7A29237EEE0C00B4251A /* RxSwift-Sample */,
				67BA7A28237EEE0C00B4251A /* Products */,
				E9DC105F12F20EABEC3EC3EA /* Pods */,
				1317BEDD85548F1113B9E890 /* Frameworks */,
			);
			sourceTree = "<group>";
		};
		67BA7A28237EEE0C00B4251A /* Products */ = {
			isa = PBXGroup;
			children = (
				67BA7A27237EEE0C00B4251A /* RxSwift-Sample.app */,
			);
			name = Products;
			sourceTree = "<group>";
		};
		67BA7A29237EEE0C00B4251A /* RxSwift-Sample */ = {
			isa = PBXGroup;
			children = (
				67BA7A2A237EEE0C00B4251A /* AppDelegate.swift */,
				67BA7A2C237EEE0C00B4251A /* SceneDelegate.swift */,
				67BA7A2E237EEE0C00B4251A /* ViewController.swift */,
				67BA7A30237EEE0C00B4251A /* Main.storyboard */,
				67BA7A33237EEE0D00B4251A /* Assets.xcassets */,
				67BA7A35237EEE0D00B4251A /* LaunchScreen.storyboard */,
				67BA7A38237EEE0D00B4251A /* Info.plist */,
				67BA7A3E237EEEA600B4251A /* Package.swift */,
				67BA7A40238280EF00B4251A /* TabDetailViewController.swift */,
				67BA7A42238281DD00B4251A /* TabTableViewController.swift */,
				67BA7A4423828E8000B4251A /* AnimationViewController.swift */,
			);
			path = "RxSwift-Sample";
			sourceTree = "<group>";
		};
		E9DC105F12F20EABEC3EC3EA /* Pods */ = {
			isa = PBXGroup;
			children = (
				73B0E942498471281DBB8144 /* Pods-RxSwift-Sample.debug.xcconfig */,
				8C8F5A897DB9B0E537675056 /* Pods-RxSwift-Sample.release.xcconfig */,
			);
			path = Pods;
			sourceTree = "<group>";
		};
/* End PBXGroup section */

/* Begin PBXNativeTarget section */
		67BA7A26237EEE0C00B4251A /* RxSwift-Sample */ = {
			isa = PBXNativeTarget;
			buildConfigurationList = 67BA7A3B237EEE0D00B4251A /* Build configuration list for PBXNativeTarget "RxSwift-Sample" */;
			buildPhases = (
				8FDC2D9A39D46C4CBFED9336 /* [CP] Check Pods Manifest.lock */,
				67BA7A23237EEE0C00B4251A /* Sources */,
				67BA7A24237EEE0C00B4251A /* Frameworks */,
				67BA7A25237EEE0C00B4251A /* Resources */,
			);
			buildRules = (
			);
			dependencies = (
			);
			name = "RxSwift-Sample";
			productName = "RxSwift-Sample";
			productReference = 67BA7A27237EEE0C00B4251A /* RxSwift-Sample.app */;
			productType = "com.apple.product-type.application";
		};
/* End PBXNativeTarget section */

/* Begin PBXProject section */
		67BA7A1F237EEE0C00B4251A /* Project object */ = {
			isa = PBXProject;
			attributes = {
				LastSwiftUpdateCheck = 1100;
				LastUpgradeCheck = 1100;
				ORGANIZATIONNAME = "burak kaya";
				TargetAttributes = {
					67BA7A26237EEE0C00B4251A = {
						CreatedOnToolsVersion = 11.0;
					};
				};
			};
			buildConfigurationList = 67BA7A22237EEE0C00B4251A /* Build configuration list for PBXProject "RxSwift-Sample" */;
			compatibilityVersion = "Xcode 9.3";
			developmentRegion = en;
			hasScannedForEncodings = 0;
			knownRegions = (
				en,
				Base,
			);
			mainGroup = 67BA7A1E237EEE0C00B4251A;
			productRefGroup = 67BA7A28237EEE0C00B4251A /* Products */;
			projectDirPath = "";
			projectRoot = "";
			targets = (
				67BA7A26237EEE0C00B4251A /* RxSwift-Sample */,
			);
		};
/* End PBXProject section */

/* Begin PBXResourcesBuildPhase section */
		67BA7A25237EEE0C00B4251A /* Resources */ = {
			isa = PBXResourcesBuildPhase;
			buildActionMask = 2147483647;
			files = (
				67BA7A37237EEE0D00B4251A /* LaunchScreen.storyboard in Resources */,
				67BA7A34237EEE0D00B4251A /* Assets.xcassets in Resources */,
				67BA7A32237EEE0C00B4251A /* Main.storyboard in Resources */,
			);
			runOnlyForDeploymentPostprocessing = 0;
		};
/* End PBXResourcesBuildPhase section */

/* Begin PBXShellScriptBuildPhase section */
		8FDC2D9A39D46C4CBFED9336 /* [CP] Check Pods Manifest.lock */ = {
			isa = PBXShellScriptBuildPhase;
			buildActionMask = 2147483647;
			files = (
			);
			inputFileListPaths = (
			);
			inputPaths = (
				"${PODS_PODFILE_DIR_PATH}/Podfile.lock",
				"${PODS_ROOT}/Manifest.lock",
			);
			name = "[CP] Check Pods Manifest.lock";
			outputFileListPaths = (
			);
			outputPaths = (
				"$(DERIVED_FILE_DIR)/Pods-RxSwift-Sample-checkManifestLockResult.txt",
			);
			runOnlyForDeploymentPostprocessing = 0;
			shellPath = /bin/sh;
			shellScript = "diff \"${PODS_PODFILE_DIR_PATH}/Podfile.lock\" \"${PODS_ROOT}/Manifest.lock\" > /dev/null\nif [ $? != 0 ] ; then\n    # print error to STDERR\n    echo \"error: The sandbox is not in sync with the Podfile.lock. Run 'pod install' or update your CocoaPods installation.\" >&2\n    exit 1\nfi\n# This output is used by Xcode 'outputs' to avoid re-running this script phase.\necho \"SUCCESS\" > \"${SCRIPT_OUTPUT_FILE_0}\"\n";
			showEnvVarsInLog = 0;
		};
/* End PBXShellScriptBuildPhase section */

/* Begin PBXSourcesBuildPhase section */
		67BA7A23237EEE0C00B4251A /* Sources */ = {
			isa = PBXSourcesBuildPhase;
			buildActionMask = 2147483647;
			files = (
				67BA7A41238280EF00B4251A /* TabDetailViewController.swift in Sources */,
				67BA7A43238281DD00B4251A /* TabTableViewController.swift in Sources */,
				67BA7A4523828E8000B4251A /* AnimationViewController.swift in Sources */,
				67BA7A3F237EEEA600B4251A /* Package.swift in Sources */,
				67BA7A2F237EEE0C00B4251A /* ViewController.swift in Sources */,
				67BA7A2B237EEE0C00B4251A /* AppDelegate.swift in Sources */,
				67BA7A2D237EEE0C00B4251A /* SceneDelegate.swift in Sources */,
			);
			runOnlyForDeploymentPostprocessing = 0;
		};
/* End PBXSourcesBuildPhase section */

/* Begin PBXVariantGroup section */
		67BA7A30237EEE0C00B4251A /* Main.storyboard */ = {
			isa = PBXVariantGroup;
			children = (
				67BA7A31237EEE0C00B4251A /* Base */,
			);
			name = Main.storyboard;
			sourceTree = "<group>";
		};
		67BA7A35237EEE0D00B4251A /* LaunchScreen.storyboard */ = {
			isa = PBXVariantGroup;
			children = (
				67BA7A36237EEE0D00B4251A /* Base */,
			);
			name = LaunchScreen.storyboard;
			sourceTree = "<group>";
		};
/* End PBXVariantGroup section */

/* Begin XCBuildConfiguration section */
		67BA7A39237EEE0D00B4251A /* Debug */ = {
			isa = XCBuildConfiguration;
			buildSettings = {
				ALWAYS_SEARCH_USER_PATHS = NO;
				CLANG_ANALYZER_NONNULL = YES;
				CLANG_ANALYZER_NUMBER_OBJECT_CONVERSION = YES_AGGRESSIVE;
				CLANG_CXX_LANGUAGE_STANDARD = "gnu++14";
				CLANG_CXX_LIBRARY = "libc++";
				CLANG_ENABLE_MODULES = YES;
				CLANG_ENABLE_OBJC_ARC = YES;
				CLANG_ENABLE_OBJC_WEAK = YES;
				CLANG_WARN_BLOCK_CAPTURE_AUTORELEASING = YES;
				CLANG_WARN_BOOL_CONVERSION = YES;
				CLANG_WARN_COMMA = YES;
				CLANG_WARN_CONSTANT_CONVERSION = YES;
				CLANG_WARN_DEPRECATED_OBJC_IMPLEMENTATIONS = YES;
				CLANG_WARN_DIRECT_OBJC_ISA_USAGE = YES_ERROR;
				CLANG_WARN_DOCUMENTATION_COMMENTS = YES;
				CLANG_WARN_EMPTY_BODY = YES;
				CLANG_WARN_ENUM_CONVERSION = YES;
				CLANG_WARN_INFINITE_RECURSION = YES;
				CLANG_WARN_INT_CONVERSION = YES;
				CLANG_WARN_NON_LITERAL_NULL_CONVERSION = YES;
				CLANG_WARN_OBJC_IMPLICIT_RETAIN_SELF = YES;
				CLANG_WARN_OBJC_LITERAL_CONVERSION = YES;
				CLANG_WARN_OBJC_ROOT_CLASS = YES_ERROR;
				CLANG_WARN_RANGE_LOOP_ANALYSIS = YES;
				CLANG_WARN_STRICT_PROTOTYPES = YES;
				CLANG_WARN_SUSPICIOUS_MOVE = YES;
				CLANG_WARN_UNGUARDED_AVAILABILITY = YES_AGGRESSIVE;
				CLANG_WARN_UNREACHABLE_CODE = YES;
				CLANG_WARN__DUPLICATE_METHOD_MATCH = YES;
				COPY_PHASE_STRIP = NO;
				DEBUG_INFORMATION_FORMAT = dwarf;
				ENABLE_STRICT_OBJC_MSGSEND = YES;
				ENABLE_TESTABILITY = YES;
				GCC_C_LANGUAGE_STANDARD = gnu11;
				GCC_DYNAMIC_NO_PIC = NO;
				GCC_NO_COMMON_BLOCKS = YES;
				GCC_OPTIMIZATION_LEVEL = 0;
				GCC_PREPROCESSOR_DEFINITIONS = (
					"DEBUG=1",
					"$(inherited)",
				);
				GCC_WARN_64_TO_32_BIT_CONVERSION = YES;
				GCC_WARN_ABOUT_RETURN_TYPE = YES_ERROR;
				GCC_WARN_UNDECLARED_SELECTOR = YES;
				GCC_WARN_UNINITIALIZED_AUTOS = YES_AGGRESSIVE;
				GCC_WARN_UNUSED_FUNCTION = YES;
				GCC_WARN_UNUSED_VARIABLE = YES;
				IPHONEOS_DEPLOYMENT_TARGET = 13.0;
				MTL_ENABLE_DEBUG_INFO = INCLUDE_SOURCE;
				MTL_FAST_MATH = YES;
				ONLY_ACTIVE_ARCH = YES;
				SDKROOT = iphoneos;
				SWIFT_ACTIVE_COMPILATION_CONDITIONS = DEBUG;
				SWIFT_OPTIMIZATION_LEVEL = "-Onone";
			};
			name = Debug;
		};
		67BA7A3A237EEE0D00B4251A /* Release */ = {
			isa = XCBuildConfiguration;
			buildSettings = {
				ALWAYS_SEARCH_USER_PATHS = NO;
				CLANG_ANALYZER_NONNULL = YES;
				CLANG_ANALYZER_NUMBER_OBJECT_CONVERSION = YES_AGGRESSIVE;
				CLANG_CXX_LANGUAGE_STANDARD = "gnu++14";
				CLANG_CXX_LIBRARY = "libc++";
				CLANG_ENABLE_MODULES = YES;
				CLANG_ENABLE_OBJC_ARC = YES;
				CLANG_ENABLE_OBJC_WEAK = YES;
				CLANG_WARN_BLOCK_CAPTURE_AUTORELEASING = YES;
				CLANG_WARN_BOOL_CONVERSION = YES;
				CLANG_WARN_COMMA = YES;
				CLANG_WARN_CONSTANT_CONVERSION = YES;
				CLANG_WARN_DEPRECATED_OBJC_IMPLEMENTATIONS = YES;
				CLANG_WARN_DIRECT_OBJC_ISA_USAGE = YES_ERROR;
				CLANG_WARN_DOCUMENTATION_COMMENTS = YES;
				CLANG_WARN_EMPTY_BODY = YES;
				CLANG_WARN_ENUM_CONVERSION = YES;
				CLANG_WARN_INFINITE_RECURSION = YES;
				CLANG_WARN_INT_CONVERSION = YES;
				CLANG_WARN_NON_LITERAL_NULL_CONVERSION = YES;
				CLANG_WARN_OBJC_IMPLICIT_RETAIN_SELF = YES;
				CLANG_WARN_OBJC_LITERAL_CONVERSION = YES;
				CLANG_WARN_OBJC_ROOT_CLASS = YES_ERROR;
				CLANG_WARN_RANGE_LOOP_ANALYSIS = YES;
				CLANG_WARN_STRICT_PROTOTYPES = YES;
				CLANG_WARN_SUSPICIOUS_MOVE = YES;
				CLANG_WARN_UNGUARDED_AVAILABILITY = YES_AGGRESSIVE;
				CLANG_WARN_UNREACHABLE_CODE = YES;
				CLANG_WARN__DUPLICATE_METHOD_MATCH = YES;
				COPY_PHASE_STRIP = NO;
				DEBUG_INFORMATION_FORMAT = "dwarf-with-dsym";
				ENABLE_NS_ASSERTIONS = NO;
				ENABLE_STRICT_OBJC_MSGSEND = YES;
				GCC_C_LANGUAGE_STANDARD = gnu11;
				GCC_NO_COMMON_BLOCKS = YES;
				GCC_WARN_64_TO_32_BIT_CONVERSION = YES;
				GCC_WARN_ABOUT_RETURN_TYPE = YES_ERROR;
				GCC_WARN_UNDECLARED_SELECTOR = YES;
				GCC_WARN_UNINITIALIZED_AUTOS = YES_AGGRESSIVE;
				GCC_WARN_UNUSED_FUNCTION = YES;
				GCC_WARN_UNUSED_VARIABLE = YES;
				IPHONEOS_DEPLOYMENT_TARGET = 13.0;
				MTL_ENABLE_DEBUG_INFO = NO;
				MTL_FAST_MATH = YES;
				SDKROOT = iphoneos;
				SWIFT_COMPILATION_MODE = wholemodule;
				SWIFT_OPTIMIZATION_LEVEL = "-O";
				VALIDATE_PRODUCT = YES;
			};
			name = Release;
		};
		67BA7A3C237EEE0D00B4251A /* Debug */ = {
			isa = XCBuildConfiguration;
			baseConfigurationReference = 73B0E942498471281DBB8144 /* Pods-RxSwift-Sample.debug.xcconfig */;
			buildSettings = {
				ASSETCATALOG_COMPILER_APPICON_NAME = AppIcon;
				CODE_SIGN_STYLE = Automatic;
				DEVELOPMENT_TEAM = 7UJ425XN7W;
				INFOPLIST_FILE = "RxSwift-Sample/Info.plist";
				LD_RUNPATH_SEARCH_PATHS = (
					"$(inherited)",
					"@executable_path/Frameworks",
				);
				PRODUCT_BUNDLE_IDENTIFIER = "burak-kaya.RxSwift-Sample";
				PRODUCT_NAME = "$(TARGET_NAME)";
				SWIFT_VERSION = 5.0;
				TARGETED_DEVICE_FAMILY = "1,2";
			};
			name = Debug;
		};
		67BA7A3D237EEE0D00B4251A /* Release */ = {
			isa = XCBuildConfiguration;
			baseConfigurationReference = 8C8F5A897DB9B0E537675056 /* Pods-RxSwift-Sample.release.xcconfig */;
			buildSettings = {
				ASSETCATALOG_COMPILER_APPICON_NAME = AppIcon;
				CODE_SIGN_STYLE = Automatic;
				DEVELOPMENT_TEAM = 7UJ425XN7W;
				INFOPLIST_FILE = "RxSwift-Sample/Info.plist";
				LD_RUNPATH_SEARCH_PATHS = (
					"$(inherited)",
					"@executable_path/Frameworks",
				);
				PRODUCT_BUNDLE_IDENTIFIER = "burak-kaya.RxSwift-Sample";
				PRODUCT_NAME = "$(TARGET_NAME)";
				SWIFT_VERSION = 5.0;
				TARGETED_DEVICE_FAMILY = "1,2";
			};
			name = Release;
		};
/* End XCBuildConfiguration section */

/* Begin XCConfigurationList section */
		67BA7A22237EEE0C00B4251A /* Build configuration list for PBXProject "RxSwift-Sample" */ = {
			isa = XCConfigurationList;
			buildConfigurations = (
				67BA7A39237EEE0D00B4251A /* Debug */,
				67BA7A3A237EEE0D00B4251A /* Release */,
			);
			defaultConfigurationIsVisible = 0;
			defaultConfigurationName = Release;
		};
		67BA7A3B237EEE0D00B4251A /* Build configuration list for PBXNativeTarget "RxSwift-Sample" */ = {
			isa = XCConfigurationList;
			buildConfigurations = (
				67BA7A3C237EEE0D00B4251A /* Debug */,
				67BA7A3D237EEE0D00B4251A /* Release */,
			);
			defaultConfigurationIsVisible = 0;
			defaultConfigurationName = Release;
		};
/* End XCConfigurationList section */
	};
	rootObject = 67BA7A1F237EEE0C00B4251A /* Project object */;
}
